{
  "name": "algorithms",
  "version": "1.0.0",
  "lockfileVersion": 1,
  "requires": true,
  "dependencies": {
    "data_structures": {
      "version": "git+https://github.com/mrinalini-m/data_structures.git#e0f7f9475aa1ab255d93470bcf23c529151608cb",
      "from": "git+https://github.com/mrinalini-m/data_structures.git"
    }
  }
}
